version = 1
revision = 3
requires-python = ">=3.14"

[[package]]
name = "feedparser"
version = "6.0.14"
source = { registry = "https://pypi.org/simple" }
dependencies = [
    { name = "feedparser-sgmllib" },
]
sdist = { url = "https://files.pythonhosted.org/packages/37/8a/a53da4a77352045d277978a2df322d5379369f9deb1707178899ff7e1121/feedparser-6.0.14.tar.gz", hash = "sha256:088679b0c4b543ee211a820dd544698c76a402122eae7473c04a43425f283d06", size = 286108, upload-time = "2026-07-30T14:07:40.491Z" }
wheels = [
    { url = "https://files.pythonhosted.org/packages/7f/61/f04912e63702e73fb2a378f9c0a1ad9eb17a334a11a6b3fe1daa593903c2/feedparser-6.0.14-py3-none-any.whl", hash = "sha256:e35e3f760151b0c3b22cac9684155cae186a233e16c49bcbc6c49e91e3131137", size = 80668, upload-time = "2026-07-30T14:07:39.175Z" },
]

[[package]]
name = "feedparser-sgmllib"
version = "2.1.0"
source = { registry = "https://pypi.org/simple" }
sdist = { url = "https://files.pythonhosted.org/packages/da/df/38596299216e5c22d60ed7f97902bb2bc72cfb95f732400f4fa976fd2e62/feedparser_sgmllib-2.1.0.tar.gz", hash = "sha256:61facf2918c4389b5b00714f76c5e03431ffcd94cd1f51d657edd6cd7c396579", size = 26845, upload-time = "2026-08-02T21:27:53.891Z" }
wheels = [
    { url = "https://files.pythonhosted.org/packages/85/a0/79a31f898092e145bd66e2b338fb0656979acb2bbbcae8220940fbfcd820/feedparser_sgmllib-2.1.0-py3-none-any.whl", hash = "sha256:2cab2d43b95a954f920f18aebce7a4dbbb3f539780b127e2aa114f579821e01d", size = 11652, upload-time = "2026-08-02T21:27:52.894Z" },
]

[[package]]
name = "pymysql"
version = "1.2.0"
source = { registry = "https://pypi.org/simple" }
sdist = { url = "https://files.pythonhosted.org/packages/c9/bc/1c6a92f385940f727daeecf3bacaf186e03875dff57197801046c583bcf0/pymysql-1.2.0.tar.gz", hash = "sha256:6c7b17ca686988104d7426c27895b455cdeea3e9d3ceb1270f0c3704fead8c33", size = 49021, upload-time = "2026-05-19T08:26:22.302Z" }
wheels = [
    { url = "https://files.pythonhosted.org/packages/c4/bd/2534e130295c8cfd4f0a2e31623baab7502278f1e97bcfe61db75656a77f/pymysql-1.2.0-py3-none-any.whl", hash = "sha256:62169ce6d5510f08e140c5e7990ee884a9764024e4a9a27b2cc11f1099322ae0", size = 45716, upload-time = "2026-05-19T08:26:20.974Z" },
]

[[package]]
name = "python-dateutil"
version = "2.9.0.post0"
source = { registry = "https://pypi.org/simple" }
dependencies = [
    { name = "six" },
]
sdist = { url = "https://files.pythonhosted.org/packages/66/c0/0c8b6ad9f17a802ee498c46e004a0eb49bc148f2fd230864601a86dcf6db/python-dateutil-2.9.0.post0.tar.gz", hash = "sha256:37dd54208da7e1cd875388217d5e00ebd4179249f90fb72437e91a35459a0ad3", size = 342432, upload-time = "2024-03-01T18:36:20.211Z" }
wheels = [
    { url = "https://files.pythonhosted.org/packages/ec/57/56b9bcc3c9c6a792fcbaf139543cee77261f3651ca9da0c93f5c1221264b/python_dateutil-2.9.0.post0-py2.py3-none-any.whl", hash = "sha256:a8b2bc7bffae282281c8140a97d3aa9c14da0b136dfe83f850eea9a5f7470427", size = 229892, upload-time = "2024-03-01T18:36:18.57Z" },
]

[[package]]
name = "six"
version = "1.17.0"
source = { registry = "https://pypi.org/simple" }
sdist = { url = "https://files.pythonhosted.org/packages/94/e7/b2c673351809dca68a0e064b6af791aa332cf192da575fd474ed7d6f16a2/six-1.17.0.tar.gz", hash = "sha256:ff70335d468e7eb6ec65b95b99d3a2836546063f63acc5171de367e834932a81", size = 34031, upload-time = "2024-12-04T17:35:28.174Z" }
wheels = [
    { url = "https://files.pythonhosted.org/packages/b7/ce/149a00dd41f10bc29e5921b496af8b574d8413afcd5e30dfa0ed46c2cc5e/six-1.17.0-py2.py3-none-any.whl", hash = "sha256:4721f391ed90541fddacab5acf947aa0d3dc7d27b2e1e8eda2be8970586c3274", size = 11050, upload-time = "2024-12-04T17:35:26.475Z" },
]

[[package]]
name = "trends"
version = "0.1.0"
source = { editable = "." }
dependencies = [
    { name = "feedparser" },
    { name = "pymysql" },
    { name = "python-dateutil" },
]

[package.metadata]
requires-dist = [
    { name = "feedparser", specifier = ">=6.0.14" },
    { name = "pymysql", specifier = ">=1.2.0" },
    { name = "python-dateutil", specifier = ">=2.9.0.post0" },
]
